{
  "name": "skills-build-applications-w-copilot-agent-mode",
  "lockfileVersion": 3,
  "requires": true,
  "packages": {
    "": {
      "dependencies": {
        "@types/react": "^19.1.5",
        "@types/react-dom": "^19.1.5",
        "mermaid": "^11.6.0",
        "react": "^19.1.0",
        "react-dom": "^19.1.0"
      },
      "devDependencies": {
        "typescript": "^5.8.3"
      }
    },
    "node_modules/@antfu/install-pkg": {
      "version": "1.1.0",
      "resolved": "https://registry.npmjs.org/@antfu/install-pkg/-/install-pkg-1.1.0.tgz",
      "integrity": "sha512-MGQsmw10ZyI+EJo45CdSER4zEb+p31LpDAFp2Z3gkSd1yqVZGi0Ebx++YTEMonJy4oChEMLsxZ64j8FH6sSqtQ==",
      "dependencies": {
        "package-manager-detector": "^1.3.0",
        "tinyexec": "^1.0.1"
      },
      "funding": {
        "url": "https://github.com/sponsors/antfu"
      }
    },
    "node_modules/@antfu/utils": {
      "version": "8.1.1",
      "resolved": "https://registry.npmjs.org/@antfu/utils/-/utils-8.1.1.tgz",
      "integrity": "sha512-Mex9nXf9vR6AhcXmMrlz/HVgYYZpVGJ6YlPgwl7UnaFpnshXs6EK/oa5Gpf3CzENMjkvEx2tQtntGnb7UtSTOQ==",
      "funding": {
        "url": "https://github.com/sponsors/antfu"
      }
    },
    "node_modules/@braintree/sanitize-url": {
      "version": "7.1.1",
      "resolved": "https://registry.npmjs.org/@braintree/sanitize-url/-/sanitize-url-7.1.1.tgz",
    },
    "node_modules/@chevrotain/cst-dts-gen": {
      "version": "11.0.3",
      "resolved": "https://registry.npmjs.org/@chevrotain/cst-dts-gen/-/cst-dts-gen-11.0.3.tgz",
      "integrity": "sha512-BvIKpRLeS/8UbfxXxgC33xOumsacaeCKAjAeLyOn7Pcp95HiRbrpl14S+9vaZLolnbssPIUuiUd8IvgkRyt6NQ==",
      "dependencies": {
        "@chevrotain/gast": "11.0.3",
        "@chevrotain/types": "11.0.3",
        "lodash-es": "4.17.21"
      }
    },
    "node_modules/@chevrotain/gast": {
      "version": "11.0.3",
      "resolved": "https://registry.npmjs.org/@chevrotain/gast/-/gast-11.0.3.tgz",
      "integrity": "sha512-+qNfcoNk70PyS/uxmj3li5NiECO+2YKZZQMbmjTqRI3Qchu8Hig/Q9vgkHpI3alNjr7M+a2St5pw5w5F6NL5/Q==",
      "dependencies": {
        "@chevrotain/types": "11.0.3",
        "lodash-es": "4.17.21"
      }
    },
    "node_modules/@chevrotain/regexp-to-ast": {
      "version": "11.0.3",
      "resolved": "https://registry.npmjs.org/@chevrotain/regexp-to-ast/-/regexp-to-ast-11.0.3.tgz",
    },
    "node_modules/@chevrotain/types": {
      "version": "11.0.3",
      "resolved": "https://registry.npmjs.org/@chevrotain/types/-/types-11.0.3.tgz",
    },
    "node_modules/@chevrotain/utils": {
      "version": "11.0.3",
      "resolved": "https://registry.npmjs.org/@chevrotain/utils/-/utils-11.0.3.tgz",
    },
    "node_modules/@iconify/types": {
      "version": "2.0.0",
      "resolved": "https://registry.npmjs.org/@iconify/types/-/types-2.0.0.tgz",
    },
    "node_modules/@iconify/utils": {
      "version": "2.3.0",
      "resolved": "https://registry.npmjs.org/@iconify/utils/-/utils-2.3.0.tgz",
      "integrity": "sha512-GmQ78prtwYW6EtzXRU1rY+KwOKfz32PD7iJh6Iyqw68GiKuoZ2A6pRtzWONz5VQJbp50mEjXh/7NkumtrAgRKA==",
      "dependencies": {
        "@antfu/install-pkg": "^1.0.0",
        "@antfu/utils": "^8.1.0",
        "@iconify/types": "^2.0.0",
        "debug": "^4.4.0",
        "globals": "^15.14.0",
        "kolorist": "^1.8.0",
        "local-pkg": "^1.0.0",
        "mlly": "^1.7.4"
      }
    },
    "node_modules/@mermaid-js/parser": {
      "version": "0.4.0",
      "resolved": "https://registry.npmjs.org/@mermaid-js/parser/-/parser-0.4.0.tgz",
      "integrity": "sha512-wla8XOWvQAwuqy+gxiZqY+c7FokraOTHRWMsbB4AgRx9Sy7zKslNyejy7E+a77qHfey5GXw/ik3IXv/NHMJgaA==",
      "dependencies": {
        "langium": "3.3.1"
      }
    },
    "node_modules/@types/d3": {
      "version": "7.4.3",
      "resolved": "https://registry.npmjs.org/@types/d3/-/d3-7.4.3.tgz",
      "integrity": "sha512-lZXZ9ckh5R8uiFVt8ogUNf+pIrK4EsWrx2Np75WvF/eTpJ0FMHNhjXk8CKEx/+gpHbNQyJWehbFaTvqmHWB3ww==",
      "dependencies": {
        "@types/d3-array": "*",
        "@types/d3-axis": "*",
        "@types/d3-brush": "*",
        "@types/d3-chord": "*",
        "@types/d3-color": "*",
        "@types/d3-contour": "*",
        "@types/d3-delaunay": "*",
        "@types/d3-dispatch": "*",
        "@types/d3-drag": "*",
        "@types/d3-dsv": "*",
        "@types/d3-ease": "*",
        "@types/d3-fetch": "*",
        "@types/d3-force": "*",
        "@types/d3-format": "*",
        "@types/d3-geo": "*",
        "@types/d3-hierarchy": "*",
        "@types/d3-interpolate": "*",
        "@types/d3-path": "*",
        "@types/d3-polygon": "*",
        "@types/d3-quadtree": "*",
        "@types/d3-random": "*",
        "@types/d3-scale": "*",
        "@types/d3-scale-chromatic": "*",
        "@types/d3-selection": "*",
        "@types/d3-shape": "*",
        "@types/d3-time": "*",
        "@types/d3-time-format": "*",
        "@types/d3-timer": "*",
        "@types/d3-transition": "*",
        "@types/d3-zoom": "*"
      }
    },
    "node_modules/@types/d3-array": {
      "version": "3.2.1",
      "resolved": "https://registry.npmjs.org/@types/d3-array/-/d3-array-3.2.1.tgz",
    },
    "node_modules/@types/d3-axis": {
      "version": "3.0.6",
      "resolved": "https://registry.npmjs.org/@types/d3-axis/-/d3-axis-3.0.6.tgz",
      "integrity": "sha512-pYeijfZuBd87T0hGn0FO1vQ/cgLk6E1ALJjfkC0oJ8cbwkZl3TpgS8bVBLZN+2jjGgg38epgxb2zmoGtSfvgMw==",
      "dependencies": {
        "@types/d3-selection": "*"
      }
    },
    "node_modules/@types/d3-brush": {
      "version": "3.0.6",
      "resolved": "https://registry.npmjs.org/@types/d3-brush/-/d3-brush-3.0.6.tgz",
      "integrity": "sha512-nH60IZNNxEcrh6L1ZSMNA28rj27ut/2ZmI3r96Zd+1jrZD++zD3LsMIjWlvg4AYrHn/Pqz4CF3veCxGjtbqt7A==",
      "dependencies": {
        "@types/d3-selection": "*"
      }
    },
    "node_modules/@types/d3-chord": {
      "version": "3.0.6",
      "resolved": "https://registry.npmjs.org/@types/d3-chord/-/d3-chord-3.0.6.tgz",
    },
    "node_modules/@types/d3-color": {
      "version": "3.1.3",
      "resolved": "https://registry.npmjs.org/@types/d3-color/-/d3-color-3.1.3.tgz",
    },
    "node_modules/@types/d3-contour": {
      "version": "3.0.6",
      "resolved": "https://registry.npmjs.org/@types/d3-contour/-/d3-contour-3.0.6.tgz",
      "integrity": "sha512-BjzLgXGnCWjUSYGfH1cpdo41/hgdWETu4YxpezoztawmqsvCeep+8QGfiY6YbDvfgHz/DkjeIkkZVJavB4a3rg==",
      "dependencies": {
        "@types/d3-array": "*",
        "@types/geojson": "*"
      }
    },
    "node_modules/@types/d3-delaunay": {
      "version": "6.0.4",
      "resolved": "https://registry.npmjs.org/@types/d3-delaunay/-/d3-delaunay-6.0.4.tgz",
    },
    "node_modules/@types/d3-dispatch": {
      "version": "3.0.6",
      "resolved": "https://registry.npmjs.org/@types/d3-dispatch/-/d3-dispatch-3.0.6.tgz",
    },
    "node_modules/@types/d3-drag": {
      "version": "3.0.7",
      "resolved": "https://registry.npmjs.org/@types/d3-drag/-/d3-drag-3.0.7.tgz",
      "integrity": "sha512-HE3jVKlzU9AaMazNufooRJ5ZpWmLIoc90A37WU2JMmeq28w1FQqCZswHZ3xR+SuxYftzHq6WU6KJHvqxKzTxxQ==",
      "dependencies": {
        "@types/d3-selection": "*"
      }
    },
    "node_modules/@types/d3-dsv": {
      "version": "3.0.7",
      "resolved": "https://registry.npmjs.org/@types/d3-dsv/-/d3-dsv-3.0.7.tgz",
    },
    "node_modules/@types/d3-ease": {
      "version": "3.0.2",
      "resolved": "https://registry.npmjs.org/@types/d3-ease/-/d3-ease-3.0.2.tgz",
    },
    "node_modules/@types/d3-fetch": {
      "version": "3.0.7",
      "resolved": "https://registry.npmjs.org/@types/d3-fetch/-/d3-fetch-3.0.7.tgz",
      "integrity": "sha512-fTAfNmxSb9SOWNB9IoG5c8Hg6R+AzUHDRlsXsDZsNp6sxAEOP0tkP3gKkNSO/qmHPoBFTxNrjDprVHDQDvo5aA==",
      "dependencies": {
        "@types/d3-dsv": "*"
      }
    },
    "node_modules/@types/d3-force": {
      "version": "3.0.10",
      "resolved": "https://registry.npmjs.org/@types/d3-force/-/d3-force-3.0.10.tgz",
    },
    "node_modules/@types/d3-format": {
      "version": "3.0.4",
      "resolved": "https://registry.npmjs.org/@types/d3-format/-/d3-format-3.0.4.tgz",

      "license": "MIT",
      "dependencies": {
        "ms": "^2.1.3"
      },
      "engines": {
        "node": ">=6.0"
      },
      "peerDependenciesMeta": {
        "supports-color": {
          "optional": true
        }
      }
    },
    "node_modules/delaunator": {
      "version": "5.0.1",
      "resolved": "https://registry.npmjs.org/delaunator/-/delaunator-5.0.1.tgz",
      "integrity": "sha512-8nvh+XBe96aCESrGOqMp/84b13H9cdKbG5P2ejQCh4d4sK9RL4371qou9drQjMhvnPmhWl5hnmqbEE0fXr9Xnw==",
      "license": "ISC",
      "dependencies": {
        "robust-predicates": "^3.0.2"
      }
    },
    "node_modules/dompurify": {
      "version": "3.2.6",
      "resolved": "https://registry.npmjs.org/dompurify/-/dompurify-3.2.6.tgz",
      "integrity": "sha512-/2GogDQlohXPZe6D6NOgQvXLPSYBqIWMnZ8zzOhn09REE4eyAzb+Hed3jhoM9OkuaJ8P6ZGTTVWQKAi8ieIzfQ==",
      "license": "(MPL-2.0 OR Apache-2.0)",
      "optionalDependencies": {
        "@types/trusted-types": "^2.0.7"
      }
    },
    "node_modules/exsolve": {
      "version": "1.0.5",
      "resolved": "https://registry.npmjs.org/exsolve/-/exsolve-1.0.5.tgz",
      "integrity": "sha512-pz5dvkYYKQ1AHVrgOzBKWeP4u4FRb3a6DNK2ucr0OoNwYIU4QWsJ+NM36LLzORT+z845MzKHHhpXiUF5nvQoJg==",
      "license": "MIT"
    },
    "node_modules/globals": {
      "version": "15.15.0",
      "resolved": "https://registry.npmjs.org/globals/-/globals-15.15.0.tgz",
      "integrity": "sha512-7ACyT3wmyp3I61S4fG682L0VA2RGD9otkqGJIwNUMF1SWUombIIk+af1unuDYgMm082aHYwD+mzJvv9Iu8dsgg==",
      "license": "MIT",
      "engines": {
        "node": ">=18"
      },
      "funding": {
        "url": "https://github.com/sponsors/sindresorhus"
      }
    },
    "node_modules/hachure-fill": {
      "version": "0.5.2",
      "resolved": "https://registry.npmjs.org/hachure-fill/-/hachure-fill-0.5.2.tgz",
      "integrity": "sha512-3GKBOn+m2LX9iq+JC1064cSFprJY4jL1jCXTcpnfER5HYE2l/4EfWSGzkPa/ZDBmYI0ZOEj5VHV/eKnPGkHuOg==",
      "license": "MIT"
    },
    "node_modules/iconv-lite": {
      "version": "0.6.3",
      "resolved": "https://registry.npmjs.org/iconv-lite/-/iconv-lite-0.6.3.tgz",
      "integrity": "sha512-4fCk79wshMdzMp2rH06qWrJE4iolqLhCUH+OiuIgU++RB0+94NlDL81atO7GX55uUKueo0txHNtvEyI6D7WdMw==",
      "license": "MIT",
      "dependencies": {
        "safer-buffer": ">= 2.1.2 < 3.0.0"
      },
      "engines": {
        "node": ">=0.10.0"
      }
    },
    "node_modules/internmap": {
      "version": "2.0.3",
      "resolved": "https://registry.npmjs.org/internmap/-/internmap-2.0.3.tgz",
      "integrity": "sha512-5Hh7Y1wQbvY5ooGgPbDaL5iYLAPzMTUrjMulskHLH6wnv/A+1q5rgEaiuqEjB+oxGXIVZs1FF+R/KPN3ZSQYYg==",
      "license": "ISC",
      "engines": {
        "node": ">=12"
      }
    },
    "node_modules/katex": {
      "version": "0.16.22",
      "resolved": "https://registry.npmjs.org/katex/-/katex-0.16.22.tgz",
      "integrity": "sha512-XCHRdUw4lf3SKBaJe4EvgqIuWwkPSo9XoeO8GjQW94Bp7TWv9hNhzZjZ+OH9yf1UmLygb7DIT5GSFQiyt16zYg==",
      "funding": [
        "https://opencollective.com/katex",
        "https://github.com/sponsors/katex"
      ],
      "license": "MIT",
      "dependencies": {
        "commander": "^8.3.0"
      },
      "bin": {
        "katex": "cli.js"
      }
    },
    "node_modules/katex/node_modules/commander": {
      "version": "8.3.0",
      "resolved": "https://registry.npmjs.org/commander/-/commander-8.3.0.tgz",
      "integrity": "sha512-OkTL9umf+He2DZkUq8f8J9of7yL6RJKI24dVITBmNfZBmri9zYZQrKkuXiKhyfPSu8tUhnVBB1iKXevvnlR4Ww==",
      "license": "MIT",
      "engines": {
        "node": ">= 12"
      }
    },
    "node_modules/khroma": {
      "version": "2.1.0",
      "resolved": "https://registry.npmjs.org/khroma/-/khroma-2.1.0.tgz",
      "integrity": "sha512-Ls993zuzfayK269Svk9hzpeGUKob/sIgZzyHYdjQoAdQetRKpOLj+k/QQQ/6Qi0Yz65mlROrfd+Ev+1+7dz9Kw=="
    },
    "node_modules/kolorist": {
      "version": "1.8.0",
      "resolved": "https://registry.npmjs.org/kolorist/-/kolorist-1.8.0.tgz",
      "integrity": "sha512-Y+60/zizpJ3HRH8DCss+q95yr6145JXZo46OTpFvDZWLfRCE4qChOyk1b26nMaNpfHHgxagk9dXT5OP0Tfe+dQ==",
      "license": "MIT"
    },
    "node_modules/langium": {
      "version": "3.3.1",
      "resolved": "https://registry.npmjs.org/langium/-/langium-3.3.1.tgz",
      "integrity": "sha512-QJv/h939gDpvT+9SiLVlY7tZC3xB2qK57v0J04Sh9wpMb6MP1q8gB21L3WIo8T5P1MSMg3Ep14L7KkDCFG3y4w==",
      "license": "MIT",
      "dependencies": {
        "chevrotain": "~11.0.3",
        "chevrotain-allstar": "~0.3.0",
        "vscode-languageserver": "~9.0.1",
        "vscode-languageserver-textdocument": "~1.0.11",
        "vscode-uri": "~3.0.8"
      },
      "engines": {
        "node": ">=16.0.0"
      }
    },
    "node_modules/layout-base": {
      "version": "1.0.2",
      "resolved": "https://registry.npmjs.org/layout-base/-/layout-base-1.0.2.tgz",
      "integrity": "sha512-8h2oVEZNktL4BH2JCOI90iD1yXwL6iNW7KcCKT2QZgQJR2vbqDsldCTPRU9NifTCqHZci57XvQQ15YTu+sTYPg==",
      "license": "MIT"
    },
    "node_modules/local-pkg": {
      "version": "1.1.1",
      "resolved": "https://registry.npmjs.org/local-pkg/-/local-pkg-1.1.1.tgz",
      "integrity": "sha512-WunYko2W1NcdfAFpuLUoucsgULmgDBRkdxHxWQ7mK0cQqwPiy8E1enjuRBrhLtZkB5iScJ1XIPdhVEFK8aOLSg==",
      "license": "MIT",
      "dependencies": {
        "mlly": "^1.7.4",
        "pkg-types": "^2.0.1",
        "quansync": "^0.2.8"
      },
      "engines": {
        "node": ">=14"
      },
      "funding": {
        "url": "https://github.com/sponsors/antfu"
      }
    },
    "node_modules/lodash-es": {
      "version": "4.17.21",
      "resolved": "https://registry.npmjs.org/lodash-es/-/lodash-es-4.17.21.tgz",
      "integrity": "sha512-mKnC+QJ9pWVzv+C4/U3rRsHapFfHvQFoFB92e52xeyGMcX6/OlIl78je1u8vePzYZSkkogMPJ2yjxxsb89cxyw==",
      "license": "MIT"
    },
    "node_modules/marked": {
      "version": "15.0.12",
      "resolved": "https://registry.npmjs.org/marked/-/marked-15.0.12.tgz",
      "integrity": "sha512-8dD6FusOQSrpv9Z1rdNMdlSgQOIP880DHqnohobOmYLElGEqAL/JvxvuxZO16r4HtjTlfPRDC1hbvxC9dPN2nA==",
      "license": "MIT",
      "bin": {
        "marked": "bin/marked.js"
      },
      "engines": {
        "node": ">= 18"
      }
    },
    "node_modules/mermaid": {
      "version": "11.6.0",
      "resolved": "https://registry.npmjs.org/mermaid/-/mermaid-11.6.0.tgz",
      "integrity": "sha512-PE8hGUy1LDlWIHWBP05SFdqUHGmRcCcK4IzpOKPE35eOw+G9zZgcnMpyunJVUEOgb//KBORPjysKndw8bFLuRg==",
      "license": "MIT",
      "dependencies": {
        "@braintree/sanitize-url": "^7.0.4",
        "@iconify/utils": "^2.1.33",
        "@mermaid-js/parser": "^0.4.0",
        "@types/d3": "^7.4.3",
        "cytoscape": "^3.29.3",
        "cytoscape-cose-bilkent": "^4.1.0",
        "cytoscape-fcose": "^2.2.0",
        "d3": "^7.9.0",
        "d3-sankey": "^0.12.3",
        "dagre-d3-es": "7.0.11",
        "dayjs": "^1.11.13",
        "dompurify": "^3.2.4",
        "katex": "^0.16.9",
        "khroma": "^2.1.0",
        "lodash-es": "^4.17.21",
        "marked": "^15.0.7",
        "roughjs": "^4.6.6",
        "stylis": "^4.3.6",
        "ts-dedent": "^2.2.0",
        "uuid": "^11.1.0"
      }
    },
    "node_modules/mlly": {
      "version": "1.7.4",
      "resolved": "https://registry.npmjs.org/mlly/-/mlly-1.7.4.tgz",
      "integrity": "sha512-qmdSIPC4bDJXgZTCR7XosJiNKySV7O215tsPtDN9iEO/7q/76b/ijtgRu/+epFXSJhijtTCCGp3DWS549P3xKw==",
      "license": "MIT",
      "dependencies": {
        "acorn": "^8.14.0",
        "pathe": "^2.0.1",
        "pkg-types": "^1.3.0",
        "ufo": "^1.5.4"
      }
    },
    "node_modules/mlly/node_modules/confbox": {
      "version": "0.1.8",
      "resolved": "https://registry.npmjs.org/confbox/-/confbox-0.1.8.tgz",
      "integrity": "sha512-RMtmw0iFkeR4YV+fUOSucriAQNb9g8zFR52MWCtl+cCZOFRNL6zeB395vPzFhEjjn4fMxXudmELnl/KF/WrK6w==",
      "license": "MIT"
    },
    "node_modules/mlly/node_modules/pkg-types": {
      "version": "1.3.1",
      "resolved": "https://registry.npmjs.org/pkg-types/-/pkg-types-1.3.1.tgz",
      "integrity": "sha512-/Jm5M4RvtBFVkKWRu2BLUTNP8/M2a+UwuAX+ae4770q1qVGtfjG+WTCupoZixokjmHiry8uI+dlY8KXYV5HVVQ==",
      "license": "MIT",
      "dependencies": {
        "confbox": "^0.1.8",
        "mlly": "^1.7.4",
        "pathe": "^2.0.1"
      }
    },
    "node_modules/ms": {
      "version": "2.1.3",
      "resolved": "https://registry.npmjs.org/ms/-/ms-2.1.3.tgz",
      "integrity": "sha512-6FlzubTLZG3J2a/NVCAleEhjzq5oxgHyaCU9yYXvcLsvoVaHJq/s5xXI6/XXP6tz7R9xAOtHnSO/tXtF3WRTlA==",
      "license": "MIT"
    },
    "node_modules/package-manager-detector": {
      "version": "1.3.0",
      "resolved": "https://registry.npmjs.org/package-manager-detector/-/package-manager-detector-1.3.0.tgz",
      "integrity": "sha512-ZsEbbZORsyHuO00lY1kV3/t72yp6Ysay6Pd17ZAlNGuGwmWDLCJxFpRs0IzfXfj1o4icJOkUEioexFHzyPurSQ==",
      "license": "MIT"
    },
    "node_modules/path-data-parser": {
      "version": "0.1.0",
      "resolved": "https://registry.npmjs.org/path-data-parser/-/path-data-parser-0.1.0.tgz",
      "integrity": "sha512-NOnmBpt5Y2RWbuv0LMzsayp3lVylAHLPUTut412ZA3l+C4uw4ZVkQbjShYCQ8TCpUMdPapr4YjUqLYD6v68j+w==",
      "license": "MIT"
    },
    "node_modules/pathe": {
      "version": "2.0.3",
      "resolved": "https://registry.npmjs.org/pathe/-/pathe-2.0.3.tgz",
      "integrity": "sha512-WUjGcAqP1gQacoQe+OBJsFA7Ld4DyXuUIjZ5cc75cLHvJ7dtNsTugphxIADwspS+AraAUePCKrSVtPLFj/F88w==",
      "license": "MIT"
    },
    "node_modules/pkg-types": {
      "version": "2.1.0",
      "resolved": "https://registry.npmjs.org/pkg-types/-/pkg-types-2.1.0.tgz",
      "integrity": "sha512-wmJwA+8ihJixSoHKxZJRBQG1oY8Yr9pGLzRmSsNms0iNWyHHAlZCa7mmKiFR10YPZuz/2k169JiS/inOjBCZ2A==",
      "license": "MIT",
      "dependencies": {
        "confbox": "^0.2.1",
        "exsolve": "^1.0.1",
        "pathe": "^2.0.3"
      }
    },
    "node_modules/points-on-curve": {
      "version": "0.2.0",
      "resolved": "https://registry.npmjs.org/points-on-curve/-/points-on-curve-0.2.0.tgz",
      "integrity": "sha512-0mYKnYYe9ZcqMCWhUjItv/oHjvgEsfKvnUTg8sAtnHr3GVy7rGkXCb6d5cSyqrWqL4k81b9CPg3urd+T7aop3A==",
      "license": "MIT"
    },
    "node_modules/points-on-path": {
      "version": "0.2.1",
      "resolved": "https://registry.npmjs.org/points-on-path/-/points-on-path-0.2.1.tgz",
      "integrity": "sha512-25ClnWWuw7JbWZcgqY/gJ4FQWadKxGWk+3kR/7kD0tCaDtPPMj7oHu2ToLaVhfpnHrZzYby2w6tUA0eOIuUg8g==",
      "license": "MIT",
      "dependencies": {
        "path-data-parser": "0.1.0",
        "points-on-curve": "0.2.0"
      }
    },

    "node_modules/quansync": {
      "version": "0.2.10",
      "resolved": "https://registry.npmjs.org/quansync/-/quansync-0.2.10.tgz",
      "integrity": "sha512-t41VRkMYbkHyCYmOvx/6URnN80H7k4X0lLdBMGsz+maAwrJQYB1djpV6vHrQIBE0WBSGqhtEHrK9U3DWWH8v7A==",
      "funding": [
        {
          "type": "individual",
          "url": "https://github.com/sponsors/antfu"
        },
        {
          "type": "individual",
          "url": "https://github.com/sponsors/sxzz"
        }
    },
    "node_modules/react": {
      "version": "19.1.0",
      "resolved": "https://registry.npmjs.org/react/-/react-19.1.0.tgz",
      "integrity": "sha512-FS+XFBNvn3GTAWq26joslQgWNoFu08F4kl0J4CgdNKADkdSGXQyTCnKteIAJy96Br6YbpEU1LSzV5dYtjMkMDg==",
      "license": "MIT",
      "engines": {
        "node": ">=0.10.0"
      }
    },
    "node_modules/react-dom": {
      "version": "19.1.0",
      "resolved": "https://registry.npmjs.org/react-dom/-/react-dom-19.1.0.tgz",
      "integrity": "sha512-Xs1hdnE+DyKgeHJeJznQmYMIBG3TKIHJJT95Q58nHLSrElKlGQqDTR2HQ9fx5CN/Gk6Vh/kupBTDLU11/nDk/g==",
      "license": "MIT",
      "dependencies": {
        "scheduler": "^0.26.0"
      },
      "peerDependencies": {
        "react": "^19.1.0"
      }
    },
    "node_modules/robust-predicates": {
      "version": "3.0.2",
      "resolved": "https://registry.npmjs.org/robust-predicates/-/robust-predicates-3.0.2.tgz",
      "integrity": "sha512-IXgzBWvWQwE6PrDI05OvmXUIruQTcoMDzRsOd5CDvHCVLcLHMTSYvOK5Cm46kWqlV3yAbuSpBZdJ5oP5OUoStg==",
      "license": "Unlicense"
    },
    "node_modules/roughjs": {
      "version": "4.6.6",
      "resolved": "https://registry.npmjs.org/roughjs/-/roughjs-4.6.6.tgz",
      "integrity": "sha512-ZUz/69+SYpFN/g/lUlo2FXcIjRkSu3nDarreVdGGndHEBJ6cXPdKguS8JGxwj5HA5xIbVKSmLgr5b3AWxtRfvQ==",
      "dependencies": {
        "hachure-fill": "^0.5.2",
        "path-data-parser": "^0.1.0",
        "points-on-curve": "^0.2.0",
        "points-on-path": "^0.2.1"
      }
    },
    "node_modules/rw": {
      "version": "1.3.3",
      "resolved": "https://registry.npmjs.org/rw/-/rw-1.3.3.tgz",
      "integrity": "sha512-PdhdWy89SiZogBLaw42zdeqtRJ//zFd2PgQavcICDUgJT5oW10QCRKbJ6bg4r0/UY2M6BWd5tkxuGFRvCkgfHQ==",
      "license": "BSD-3-Clause"
    },
    "node_modules/safer-buffer": {
      "version": "2.1.2",
      "resolved": "https://registry.npmjs.org/safer-buffer/-/safer-buffer-2.1.2.tgz",
      "integrity": "sha512-YZo3K82SD7Riyi0E1EQPojLz7kpepnSQI9IyPbHHg1XXXevb5dJI7tpyN2ADxGcQbHG7vcyRHk0cbwqcQriUtg==",
      "license": "MIT"
    },
    "node_modules/scheduler": {
      "version": "0.26.0",
      "resolved": "https://registry.npmjs.org/scheduler/-/scheduler-0.26.0.tgz",
      "integrity": "sha512-NlHwttCI/l5gCPR3D1nNXtWABUmBwvZpEQiD4IXSbIDq8BzLIK/7Ir5gTFSGZDUu37K5cMNp0hFtzO38sC7gWA==",
      "license": "MIT"
    },
    "node_modules/stylis": {
      "version": "4.3.6",
      "resolved": "https://registry.npmjs.org/stylis/-/stylis-4.3.6.tgz",
      "integrity": "sha512-yQ3rwFWRfwNUY7H5vpU0wfdkNSnvnJinhF9830Swlaxl03zsOjCfmX0ugac+3LtK0lYSgwL/KXc8oYL3mG4YFQ==",
      "license": "MIT"
    },
    "node_modules/tinyexec": {
      "version": "1.0.1",
      "resolved": "https://registry.npmjs.org/tinyexec/-/tinyexec-1.0.1.tgz",
    },
    "node_modules/ts-dedent": {
      "version": "2.2.0",
      "resolved": "https://registry.npmjs.org/ts-dedent/-/ts-dedent-2.2.0.tgz",
      "integrity": "sha512-q5W7tVM71e2xjHZTlgfTDoPF/SmqKG5hddq9SzR49CH2hayqRKJtQ4mtRlSxKaJlR/+9rEM+mnBHf7I2/BQcpQ==",
      "engines": {
        "node": ">=6.10"
      }
    },
    "node_modules/typescript": {
      "version": "5.8.3",
      "resolved": "https://registry.npmjs.org/typescript/-/typescript-5.8.3.tgz",
      "integrity": "sha512-p1diW6TqL9L07nNxvRMM7hMMw4c5XOo/1ibL4aAIGmSAt9slTE1Xgw5KWuof2uTOvCg9BY7ZRi+GaF+7sfgPeQ==",
      "dev": true,
      "license": "Apache-2.0",
      "bin": {
        "tsc": "bin/tsc",
        "tsserver": "bin/tsserver"
      },
      "engines": {
        "node": ">=14.17"
      }
    },
    "node_modules/ufo": {
      "version": "1.6.1",
      "resolved": "https://registry.npmjs.org/ufo/-/ufo-1.6.1.tgz",
    },
    "node_modules/uuid": {
      "version": "11.1.0",
      "resolved": "https://registry.npmjs.org/uuid/-/uuid-11.1.0.tgz",
      "integrity": "sha512-0/A9rDy9P7cJ+8w1c9WD9V//9Wj15Ce2MPz8Ri6032usz+NfePxx5AcN3bN+r6ZL6jEo066/yNYB3tn4pQEx+A==",
      "funding": [
        "https://github.com/sponsors/broofa",
        "https://github.com/sponsors/ctavan"
      ],
      "bin": {
        "uuid": "dist/esm/bin/uuid"
      }
    },
    "node_modules/vscode-jsonrpc": {
      "version": "8.2.0",
      "resolved": "https://registry.npmjs.org/vscode-jsonrpc/-/vscode-jsonrpc-8.2.0.tgz",
      "integrity": "sha512-C+r0eKJUIfiDIfwJhria30+TYWPtuHJXHtI7J0YlOmKAo7ogxP20T0zxB7HZQIFhIyvoBPwWskjxrvAtfjyZfA==",
      "engines": {
        "node": ">=14.0.0"
      }
    },
    "node_modules/vscode-languageserver": {
      "version": "9.0.1",
      "resolved": "https://registry.npmjs.org/vscode-languageserver/-/vscode-languageserver-9.0.1.tgz",
      "integrity": "sha512-woByF3PDpkHFUreUa7Hos7+pUWdeWMXRd26+ZX2A8cFx6v/JPTtd4/uN0/jB6XQHYaOlHbio03NTHCqrgG5n7g==",
      "dependencies": {
        "vscode-languageserver-protocol": "3.17.5"
      },
      "bin": {
        "installServerIntoExtension": "bin/installServerIntoExtension"
      }
    },
    "node_modules/vscode-languageserver-protocol": {
      "version": "3.17.5",
      "resolved": "https://registry.npmjs.org/vscode-languageserver-protocol/-/vscode-languageserver-protocol-3.17.5.tgz",
      "integrity": "sha512-mb1bvRJN8SVznADSGWM9u/b07H7Ecg0I3OgXDuLdn307rl/J3A9YD6/eYOssqhecL27hK1IPZAsaqh00i/Jljg==",
      "dependencies": {
        "vscode-jsonrpc": "8.2.0",
        "vscode-languageserver-types": "3.17.5"
      }
    },
    "node_modules/vscode-languageserver-textdocument": {
      "version": "1.0.12",
      "resolved": "https://registry.npmjs.org/vscode-languageserver-textdocument/-/vscode-languageserver-textdocument-1.0.12.tgz",
    },
    "node_modules/vscode-languageserver-types": {
      "version": "3.17.5",
      "resolved": "https://registry.npmjs.org/vscode-languageserver-types/-/vscode-languageserver-types-3.17.5.tgz",
    },
    "node_modules/vscode-uri": {
      "version": "3.0.8",
      "resolved": "https://registry.npmjs.org/vscode-uri/-/vscode-uri-3.0.8.tgz",
    }
  }
}
